
Microsoft Visual Studio Solution File, Format Version 12.00
# Visual Studio Version 16
VisualStudioVersion = 16.0.30621.155
MinimumVisualStudioVersion = 10.0.40219.1
Project("{FAE04EC0-301F-11D3-BF4B-00C04F79EFBC}") = "ASP.NET_COMM5", "ASP.NET_COMM5.csproj", "{58ABDB9C-B1AE-4C69-A078-AA843C181A11}"
EndProject
Global
	GlobalSection(SolutionConfigurationPlatforms) = preSolution
		Debug|Any CPU = Debug|Any CPU
		Release|Any CPU = Release|Any CPU
	EndGlobalSection
	GlobalSection(ProjectConfigurationPlatforms) = postSolution
		{58ABDB9C-B1AE-4C69-A078-AA843C181A11}.Debug|Any CPU.ActiveCfg = Debug|Any CPU
		{58ABDB9C-B1AE-4C69-A078-AA843C181A11}.Debug|Any CPU.Build.0 = Debug|Any CPU
		{58ABDB9C-B1AE-4C69-A078-AA843C181A11}.Release|Any CPU.ActiveCfg = Release|Any CPU
		{58ABDB9C-B1AE-4C69-A078-AA843C181A11}.Release|Any CPU.Build.0 = Release|Any CPU
	EndGlobalSection
	GlobalSection(SolutionProperties) = preSolution
		HideSolutionNode = FALSE
	EndGlobalSection
	GlobalSection(ExtensibilityGlobals) = postSolution
		SolutionGuid = {15C52A33-2FDF-41E5-A8E6-DF40116A6485}
	EndGlobalSection
EndGlobal
